
Microsoft Visual Studio Solution File, Format Version 12.00
# Visual Studio Version 16
VisualStudioVersion = 16.0.31729.503
MinimumVisualStudioVersion = 10.0.40219.1
Project("{9A19103F-16F7-4668-BE54-9A1E7A4F7556}") = "TravelingSalesManProblem", "TravelingSalesManProblem\TravelingSalesManProblem.csproj", "{01B3B3BE-3938-4793-B9F9-DC05E7E3E761}"
EndProject
Global
	GlobalSection(SolutionConfigurationPlatforms) = preSolution
		Debug|Any CPU = Debug|Any CPU
		Debug|x86 = Debug|x86
		Release|Any CPU = Release|Any CPU
		Release|x86 = Release|x86
	EndGlobalSection
	GlobalSection(ProjectConfigurationPlatforms) = postSolution
		{01B3B3BE-3938-4793-B9F9-DC05E7E3E761}.Debug|Any CPU.ActiveCfg = Debug|Any CPU
		{01B3B3BE-3938-4793-B9F9-DC05E7E3E761}.Debug|Any CPU.Build.0 = Debug|Any CPU
		{01B3B3BE-3938-4793-B9F9-DC05E7E3E761}.Debug|x86.ActiveCfg = Debug|Any CPU
		{01B3B3BE-3938-4793-B9F9-DC05E7E3E761}.Debug|x86.Build.0 = Debug|Any CPU
		{01B3B3BE-3938-4793-B9F9-DC05E7E3E761}.Release|Any CPU.ActiveCfg = Release|Any CPU
		{01B3B3BE-3938-4793-B9F9-DC05E7E3E761}.Release|Any CPU.Build.0 = Release|Any CPU
		{01B3B3BE-3938-4793-B9F9-DC05E7E3E761}.Release|x86.ActiveCfg = Release|Any CPU
		{01B3B3BE-3938-4793-B9F9-DC05E7E3E761}.Release|x86.Build.0 = Release|Any CPU
	EndGlobalSection
	GlobalSection(SolutionProperties) = preSolution
		HideSolutionNode = FALSE
	EndGlobalSection
	GlobalSection(ExtensibilityGlobals) = postSolution
		SolutionGuid = {630DFB3A-E149-444C-BD21-465A73BB71AA}
	EndGlobalSection
EndGlobal
